
Microsoft Visual Studio Solution File, Format Version 12.00
# Visual Studio 14
VisualStudioVersion = 14.0.25420.1
MinimumVisualStudioVersion = 10.0.40219.1
Project("{A07B5EB6-E848-4116-A8D0-A826331D98C6}") = "Voting", "Voting\Voting.sfproj", "{A9D740FD-1BA9-4A82-8BD0-EA20711BCF63}"
EndProject
Project("{FAE04EC0-301F-11D3-BF4B-00C04F79EFBC}") = "VotingService", "VotingService\VotingService.csproj", "{A9E90836-74AE-4F55-A06B-7EDF26288CFC}"
EndProject
Global
	GlobalSection(SolutionConfigurationPlatforms) = preSolution
		Debug|x64 = Debug|x64
		Release|x64 = Release|x64
	EndGlobalSection
	GlobalSection(ProjectConfigurationPlatforms) = postSolution
		{A9D740FD-1BA9-4A82-8BD0-EA20711BCF63}.Debug|x64.ActiveCfg = Debug|x64
		{A9D740FD-1BA9-4A82-8BD0-EA20711BCF63}.Debug|x64.Build.0 = Debug|x64
		{A9D740FD-1BA9-4A82-8BD0-EA20711BCF63}.Debug|x64.Deploy.0 = Debug|x64
		{A9D740FD-1BA9-4A82-8BD0-EA20711BCF63}.Release|x64.ActiveCfg = Release|x64
		{A9D740FD-1BA9-4A82-8BD0-EA20711BCF63}.Release|x64.Build.0 = Release|x64
		{A9D740FD-1BA9-4A82-8BD0-EA20711BCF63}.Release|x64.Deploy.0 = Release|x64
		{A9E90836-74AE-4F55-A06B-7EDF26288CFC}.Debug|x64.ActiveCfg = Debug|x64
		{A9E90836-74AE-4F55-A06B-7EDF26288CFC}.Debug|x64.Build.0 = Debug|x64
		{A9E90836-74AE-4F55-A06B-7EDF26288CFC}.Release|x64.ActiveCfg = Release|x64
		{A9E90836-74AE-4F55-A06B-7EDF26288CFC}.Release|x64.Build.0 = Release|x64
	EndGlobalSection
	GlobalSection(SolutionProperties) = preSolution
		HideSolutionNode = FALSE
	EndGlobalSection
EndGlobal
