
Microsoft Visual Studio Solution File, Format Version 12.00
# Visual Studio 14
VisualStudioVersion = 14.0.25420.1
MinimumVisualStudioVersion = 10.0.40219.1
Project("{A07B5EB6-E848-4116-A8D0-A826331D98C6}") = "Kanban", "Kanban\Kanban.sfproj", "{6FDE0DAF-DF8E-4AF9-A1F4-E7FE0CD7951B}"
EndProject
Project("{FAE04EC0-301F-11D3-BF4B-00C04F79EFBC}") = "KickingTheTires", "KickingTheTires\KickingTheTires.csproj", "{9618558B-14FA-4945-9AC2-75A1090BBC53}"
EndProject
Global
	GlobalSection(SolutionConfigurationPlatforms) = preSolution
		Debug|x64 = Debug|x64
		Release|x64 = Release|x64
	EndGlobalSection
	GlobalSection(ProjectConfigurationPlatforms) = postSolution
		{6FDE0DAF-DF8E-4AF9-A1F4-E7FE0CD7951B}.Debug|x64.ActiveCfg = Debug|x64
		{6FDE0DAF-DF8E-4AF9-A1F4-E7FE0CD7951B}.Debug|x64.Build.0 = Debug|x64
		{6FDE0DAF-DF8E-4AF9-A1F4-E7FE0CD7951B}.Debug|x64.Deploy.0 = Debug|x64
		{6FDE0DAF-DF8E-4AF9-A1F4-E7FE0CD7951B}.Release|x64.ActiveCfg = Release|x64
		{6FDE0DAF-DF8E-4AF9-A1F4-E7FE0CD7951B}.Release|x64.Build.0 = Release|x64
		{6FDE0DAF-DF8E-4AF9-A1F4-E7FE0CD7951B}.Release|x64.Deploy.0 = Release|x64
		{9618558B-14FA-4945-9AC2-75A1090BBC53}.Debug|x64.ActiveCfg = Debug|x64
		{9618558B-14FA-4945-9AC2-75A1090BBC53}.Debug|x64.Build.0 = Debug|x64
		{9618558B-14FA-4945-9AC2-75A1090BBC53}.Release|x64.ActiveCfg = Release|x64
		{9618558B-14FA-4945-9AC2-75A1090BBC53}.Release|x64.Build.0 = Release|x64
	EndGlobalSection
	GlobalSection(SolutionProperties) = preSolution
		HideSolutionNode = FALSE
	EndGlobalSection
EndGlobal
